
Microsoft Visual Studio Solution File, Format Version 12.00
# Visual Studio Version 16
VisualStudioVersion = 16.0.30523.141
MinimumVisualStudioVersion = 10.0.40219.1
Project("{FAE04EC0-301F-11D3-BF4B-00C04F79EFBC}") = "ActionAndFuncDelegates", "ActionAndFuncDelegates\ActionAndFuncDelegates.csproj", "{7F8E544E-55F7-46C7-BAEB-E7334715BCE2}"
EndProject
Global
	GlobalSection(SolutionConfigurationPlatforms) = preSolution
		Debug|Any CPU = Debug|Any CPU
		Release|Any CPU = Release|Any CPU
	EndGlobalSection
	GlobalSection(ProjectConfigurationPlatforms) = postSolution
		{7F8E544E-55F7-46C7-BAEB-E7334715BCE2}.Debug|Any CPU.ActiveCfg = Debug|Any CPU
		{7F8E544E-55F7-46C7-BAEB-E7334715BCE2}.Debug|Any CPU.Build.0 = Debug|Any CPU
		{7F8E544E-55F7-46C7-BAEB-E7334715BCE2}.Release|Any CPU.ActiveCfg = Release|Any CPU
		{7F8E544E-55F7-46C7-BAEB-E7334715BCE2}.Release|Any CPU.Build.0 = Release|Any CPU
	EndGlobalSection
	GlobalSection(SolutionProperties) = preSolution
		HideSolutionNode = FALSE
	EndGlobalSection
	GlobalSection(ExtensibilityGlobals) = postSolution
		SolutionGuid = {E55C4690-7889-4F5E-87B5-ADA485B9F4D0}
	EndGlobalSection
EndGlobal
